{
  "requires": true,
  "lockfileVersion": 1,
  "dependencies": {
    "uni-simple-router": {
      "version": "2.0.8-beta.4",
      "resolved": "https://registry.npmjs.org/uni-simple-router/-/uni-simple-router-2.0.8-beta.4.tgz",
      "integrity": "sha512-ipTHhOaRvjV8qrt3HosX5pNMhwFYBnFOuKyV5joH0evfXubjrGI5tjdwpmwzfW5h3VBth3iAqScv+pW/QmIJXw=="
    }
  }
}
